
Microsoft Visual Studio Solution File, Format Version 12.00
# Visual Studio Version 16
VisualStudioVersion = 16.0.31515.178
MinimumVisualStudioVersion = 10.0.40219.1
Project("{FAE04EC0-301F-11D3-BF4B-00C04F79EFBC}") = "Tarea semana 4. Grupo 2", "Tarea semana 4. Grupo 2\Tarea semana 4. Grupo 2.csproj", "{F8493FE6-6462-44E8-9B1E-D3EA34962F91}"
EndProject
Global
	GlobalSection(SolutionConfigurationPlatforms) = preSolution
		Debug|Any CPU = Debug|Any CPU
		Release|Any CPU = Release|Any CPU
	EndGlobalSection
	GlobalSection(ProjectConfigurationPlatforms) = postSolution
		{F8493FE6-6462-44E8-9B1E-D3EA34962F91}.Debug|Any CPU.ActiveCfg = Debug|Any CPU
		{F8493FE6-6462-44E8-9B1E-D3EA34962F91}.Debug|Any CPU.Build.0 = Debug|Any CPU
		{F8493FE6-6462-44E8-9B1E-D3EA34962F91}.Release|Any CPU.ActiveCfg = Release|Any CPU
		{F8493FE6-6462-44E8-9B1E-D3EA34962F91}.Release|Any CPU.Build.0 = Release|Any CPU
	EndGlobalSection
	GlobalSection(SolutionProperties) = preSolution
		HideSolutionNode = FALSE
	EndGlobalSection
	GlobalSection(ExtensibilityGlobals) = postSolution
		SolutionGuid = {922A1E81-49BA-4E54-B9B1-759DF4713860}
	EndGlobalSection
EndGlobal
